
Microsoft Visual Studio Solution File, Format Version 11.00
# Visual Studio 2010
Project("{FAE04EC0-301F-11D3-BF4B-00C04F79EFBC}") = "Assembly-CSharp", "Assembly-CSharp.csproj", "{EE459F42-90F0-10CB-4F2B-9FDB4DD60944}"
EndProject
Project("{FAE04EC0-301F-11D3-BF4B-00C04F79EFBC}") = "Assembly-CSharp-Editor", "Assembly-CSharp-Editor.csproj", "{6F67CC27-F743-3D92-F26B-A4CF604CEAA8}"
EndProject
Global
	GlobalSection(SolutionConfigurationPlatforms) = preSolution
		Debug|Any CPU = Debug|Any CPU
		Release|Any CPU = Release|Any CPU
	EndGlobalSection
	GlobalSection(ProjectConfigurationPlatforms) = postSolution
		{EE459F42-90F0-10CB-4F2B-9FDB4DD60944}.Debug|Any CPU.ActiveCfg = Debug|Any CPU
		{EE459F42-90F0-10CB-4F2B-9FDB4DD60944}.Debug|Any CPU.Build.0 = Debug|Any CPU
		{EE459F42-90F0-10CB-4F2B-9FDB4DD60944}.Release|Any CPU.ActiveCfg = Release|Any CPU
		{EE459F42-90F0-10CB-4F2B-9FDB4DD60944}.Release|Any CPU.Build.0 = Release|Any CPU
		{6F67CC27-F743-3D92-F26B-A4CF604CEAA8}.Debug|Any CPU.ActiveCfg = Debug|Any CPU
		{6F67CC27-F743-3D92-F26B-A4CF604CEAA8}.Debug|Any CPU.Build.0 = Debug|Any CPU
		{6F67CC27-F743-3D92-F26B-A4CF604CEAA8}.Release|Any CPU.ActiveCfg = Release|Any CPU
		{6F67CC27-F743-3D92-F26B-A4CF604CEAA8}.Release|Any CPU.Build.0 = Release|Any CPU
	EndGlobalSection
	GlobalSection(SolutionProperties) = preSolution
		HideSolutionNode = FALSE
	EndGlobalSection
	GlobalSection(MonoDevelopProperties) = preSolution
		StartupItem = Assembly-CSharp.csproj
	EndGlobalSection
EndGlobal
